// !$*UTF8*$!
{
	archiveVersion = 1;
	classes = {
	};
	objectVersion = 56;
	objects = {

/* Begin PBXBuildFile section */
		3608EEA029CEDCEF007ED421 /* The_Flower_AppApp.swift in Sources */ = {isa = PBXBuildFile; fileRef = 3608EE9F29CEDCEF007ED421 /* The_Flower_AppApp.swift */; };
		3608EEA229CEDCEF007ED421 /* ContentView.swift in Sources */ = {isa = PBXBuildFile; fileRef = 3608EEA129CEDCEF007ED421 /* ContentView.swift */; };
		3608EEA429CEDCF0007ED421 /* Assets.xcassets in Resources */ = {isa = PBXBuildFile; fileRef = 3608EEA329CEDCF0007ED421 /* Assets.xcassets */; };
		3608EEA729CEDCF0007ED421 /* Preview Assets.xcassets in Resources */ = {isa = PBXBuildFile; fileRef = 3608EEA629CEDCF0007ED421 /* Preview Assets.xcassets */; };
		3608EEB029CEDD35007ED421 /* Login Page.swift in Sources */ = {isa = PBXBuildFile; fileRef = 3608EEAF29CEDD34007ED421 /* Login Page.swift */; };
		3608EEB229CEDD41007ED421 /* User.swift in Sources */ = {isa = PBXBuildFile; fileRef = 3608EEB129CEDD41007ED421 /* User.swift */; };
		3608EEB529CEE30B007ED421 /* LoginLabel.swift in Sources */ = {isa = PBXBuildFile; fileRef = 3608EEB429CEE30B007ED421 /* LoginLabel.swift */; };
		3608EEB729CEEC10007ED421 /* GoogleService-Info.plist in Resources */ = {isa = PBXBuildFile; fileRef = 3608EEB629CEEC10007ED421 /* GoogleService-Info.plist */; };
		3608EEBA29CEECCA007ED421 /* FirebaseAuth in Frameworks */ = {isa = PBXBuildFile; productRef = 3608EEB929CEECCA007ED421 /* FirebaseAuth */; };
		3608EEBC29CEECCA007ED421 /* FirebaseFirestoreSwift in Frameworks */ = {isa = PBXBuildFile; productRef = 3608EEBB29CEECCA007ED421 /* FirebaseFirestoreSwift */; };
		3608EEBE29CEECCA007ED421 /* FirebaseStorage in Frameworks */ = {isa = PBXBuildFile; productRef = 3608EEBD29CEECCA007ED421 /* FirebaseStorage */; };
		360CFB9E29F9C3F90064FC20 /* FlowerTimeline.swift in Sources */ = {isa = PBXBuildFile; fileRef = 360CFB9D29F9C3F90064FC20 /* FlowerTimeline.swift */; };
		360CFBA02A04130A0064FC20 /* changelog in Resources */ = {isa = PBXBuildFile; fileRef = 360CFB9F2A04130A0064FC20 /* changelog */; };
		3638D09129EEDE8B0010AC26 /* ViewController.swift in Sources */ = {isa = PBXBuildFile; fileRef = 3638D09029EEDE8B0010AC26 /* ViewController.swift */; };
		3638D09329EEEE1A0010AC26 /* MenuView.swift in Sources */ = {isa = PBXBuildFile; fileRef = 3638D09229EEEE1A0010AC26 /* MenuView.swift */; };
		3638D09529F03DE10010AC26 /* FlowersView.swift in Sources */ = {isa = PBXBuildFile; fileRef = 3638D09429F03DE10010AC26 /* FlowersView.swift */; };
		3638D09729F03DEA0010AC26 /* FlowerView.swift in Sources */ = {isa = PBXBuildFile; fileRef = 3638D09629F03DEA0010AC26 /* FlowerView.swift */; };
		3638D09929F03EF10010AC26 /* FlowerModel.swift in Sources */ = {isa = PBXBuildFile; fileRef = 3638D09829F03EF10010AC26 /* FlowerModel.swift */; };
		36B09F8929D74192006BAD74 /* CameraView.swift in Sources */ = {isa = PBXBuildFile; fileRef = 36B09F8829D74192006BAD74 /* CameraView.swift */; };
		36B09F8C29D74775006BAD74 /* CameraModel.swift in Sources */ = {isa = PBXBuildFile; fileRef = 36B09F8B29D74775006BAD74 /* CameraModel.swift */; };
/* End PBXBuildFile section */

/* Begin PBXFileReference section */
		3608EE9C29CEDCEF007ED421 /* The Best Flower App.app */ = {isa = PBXFileReference; explicitFileType = wrapper.application; includeInIndex = 0; path = "The Best Flower App.app"; sourceTree = BUILT_PRODUCTS_DIR; };
		3608EE9F29CEDCEF007ED421 /* The_Flower_AppApp.swift */ = {isa = PBXFileReference; lastKnownFileType = sourcecode.swift; path = The_Flower_AppApp.swift; sourceTree = "<group>"; };
		3608EEA129CEDCEF007ED421 /* ContentView.swift */ = {isa = PBXFileReference; lastKnownFileType = sourcecode.swift; path = ContentView.swift; sourceTree = "<group>"; };
		3608EEA329CEDCF0007ED421 /* Assets.xcassets */ = {isa = PBXFileReference; lastKnownFileType = folder.assetcatalog; path = Assets.xcassets; sourceTree = "<group>"; };
		3608EEA629CEDCF0007ED421 /* Preview Assets.xcassets */ = {isa = PBXFileReference; lastKnownFileType = folder.assetcatalog; path = "Preview Assets.xcassets"; sourceTree = "<group>"; };
		3608EEAF29CEDD34007ED421 /* Login Page.swift */ = {isa = PBXFileReference; lastKnownFileType = sourcecode.swift; path = "Login Page.swift"; sourceTree = "<group>"; };
		3608EEB129CEDD41007ED421 /* User.swift */ = {isa = PBXFileReference; lastKnownFileType = sourcecode.swift; path = User.swift; sourceTree = "<group>"; };
		3608EEB429CEE30B007ED421 /* LoginLabel.swift */ = {isa = PBXFileReference; lastKnownFileType = sourcecode.swift; path = LoginLabel.swift; sourceTree = "<group>"; };
		3608EEB629CEEC10007ED421 /* GoogleService-Info.plist */ = {isa = PBXFileReference; fileEncoding = 4; lastKnownFileType = text.plist.xml; path = "GoogleService-Info.plist"; sourceTree = "<group>"; };
		360CFB9D29F9C3F90064FC20 /* FlowerTimeline.swift */ = {isa = PBXFileReference; lastKnownFileType = sourcecode.swift; path = FlowerTimeline.swift; sourceTree = "<group>"; };
		360CFB9F2A04130A0064FC20 /* changelog */ = {isa = PBXFileReference; lastKnownFileType = text; path = changelog; sourceTree = "<group>"; };
		3638D09029EEDE8B0010AC26 /* ViewController.swift */ = {isa = PBXFileReference; lastKnownFileType = sourcecode.swift; path = ViewController.swift; sourceTree = "<group>"; };
		3638D09229EEEE1A0010AC26 /* MenuView.swift */ = {isa = PBXFileReference; lastKnownFileType = sourcecode.swift; path = MenuView.swift; sourceTree = "<group>"; };
		3638D09429F03DE10010AC26 /* FlowersView.swift */ = {isa = PBXFileReference; lastKnownFileType = sourcecode.swift; path = FlowersView.swift; sourceTree = "<group>"; };
		3638D09629F03DEA0010AC26 /* FlowerView.swift */ = {isa = PBXFileReference; lastKnownFileType = sourcecode.swift; path = FlowerView.swift; sourceTree = "<group>"; };
		3638D09829F03EF10010AC26 /* FlowerModel.swift */ = {isa = PBXFileReference; lastKnownFileType = sourcecode.swift; path = FlowerModel.swift; sourceTree = "<group>"; };
		3638D09A29F093840010AC26 /* The-Best-Flower-App-Info.plist */ = {isa = PBXFileReference; lastKnownFileType = text.plist; path = "The-Best-Flower-App-Info.plist"; sourceTree = "<group>"; };
		36B09F8829D74192006BAD74 /* CameraView.swift */ = {isa = PBXFileReference; lastKnownFileType = sourcecode.swift; path = CameraView.swift; sourceTree = "<group>"; };
		36B09F8B29D74775006BAD74 /* CameraModel.swift */ = {isa = PBXFileReference; lastKnownFileType = sourcecode.swift; path = CameraModel.swift; sourceTree = "<group>"; };
/* End PBXFileReference section */

/* Begin PBXFrameworksBuildPhase section */
		3608EE9929CEDCEF007ED421 /* Frameworks */ = {
			isa = PBXFrameworksBuildPhase;
			buildActionMask = 2147483647;
			files = (
				3608EEBA29CEECCA007ED421 /* FirebaseAuth in Frameworks */,
				3608EEBC29CEECCA007ED421 /* FirebaseFirestoreSwift in Frameworks */,
				3608EEBE29CEECCA007ED421 /* FirebaseStorage in Frameworks */,
			);
			runOnlyForDeploymentPostprocessing = 0;
		};
/* End PBXFrameworksBuildPhase section */

/* Begin PBXGroup section */
		3608EE9329CEDCEF007ED421 = {
			isa = PBXGroup;
			children = (
				3638D09A29F093840010AC26 /* The-Best-Flower-App-Info.plist */,
				3608EE9E29CEDCEF007ED421 /* The Flower App */,
				3608EE9D29CEDCEF007ED421 /* Products */,
			);
			sourceTree = "<group>";
		};
		3608EE9D29CEDCEF007ED421 /* Products */ = {
			isa = PBXGroup;
			children = (
				3608EE9C29CEDCEF007ED421 /* The Best Flower App.app */,
			);
			name = Products;
			sourceTree = "<group>";
		};
		3608EE9E29CEDCEF007ED421 /* The Flower App */ = {
			isa = PBXGroup;
			children = (
				360CFB9F2A04130A0064FC20 /* changelog */,
				36B09F8A29D7476A006BAD74 /* models */,
				36B09F8729D74185006BAD74 /* views */,
				3608EEB329CEE2EA007ED421 /* components */,
				3608EE9F29CEDCEF007ED421 /* The_Flower_AppApp.swift */,
				3608EEB629CEEC10007ED421 /* GoogleService-Info.plist */,
				3608EEA329CEDCF0007ED421 /* Assets.xcassets */,
				3608EEA529CEDCF0007ED421 /* Preview Content */,
			);
			path = "The Flower App";
			sourceTree = "<group>";
		};
		3608EEA529CEDCF0007ED421 /* Preview Content */ = {
			isa = PBXGroup;
			children = (
				3608EEA629CEDCF0007ED421 /* Preview Assets.xcassets */,
			);
			path = "Preview Content";
			sourceTree = "<group>";
		};
		3608EEB329CEE2EA007ED421 /* components */ = {
			isa = PBXGroup;
			children = (
				3608EEB429CEE30B007ED421 /* LoginLabel.swift */,
				360CFB9D29F9C3F90064FC20 /* FlowerTimeline.swift */,
			);
			path = components;
			sourceTree = "<group>";
		};
		36B09F8729D74185006BAD74 /* views */ = {
			isa = PBXGroup;
			children = (
				3608EEA129CEDCEF007ED421 /* ContentView.swift */,
				3608EEAF29CEDD34007ED421 /* Login Page.swift */,
				36B09F8829D74192006BAD74 /* CameraView.swift */,
				3638D09229EEEE1A0010AC26 /* MenuView.swift */,
				3638D09429F03DE10010AC26 /* FlowersView.swift */,
				3638D09629F03DEA0010AC26 /* FlowerView.swift */,
			);
			path = views;
			sourceTree = "<group>";
		};
		36B09F8A29D7476A006BAD74 /* models */ = {
			isa = PBXGroup;
			children = (
				3608EEB129CEDD41007ED421 /* User.swift */,
				36B09F8B29D74775006BAD74 /* CameraModel.swift */,
				3638D09029EEDE8B0010AC26 /* ViewController.swift */,
				3638D09829F03EF10010AC26 /* FlowerModel.swift */,
			);
			path = models;
			sourceTree = "<group>";
		};
/* End PBXGroup section */

/* Begin PBXNativeTarget section */
		3608EE9B29CEDCEF007ED421 /* The Best Flower App */ = {
			isa = PBXNativeTarget;
			buildConfigurationList = 3608EEAA29CEDCF0007ED421 /* Build configuration list for PBXNativeTarget "The Best Flower App" */;
			buildPhases = (
				3608EE9829CEDCEF007ED421 /* Sources */,
				3608EE9929CEDCEF007ED421 /* Frameworks */,
				3608EE9A29CEDCEF007ED421 /* Resources */,
			);
			buildRules = (
			);
			dependencies = (
			);
			name = "The Best Flower App";
			packageProductDependencies = (
				3608EEB929CEECCA007ED421 /* FirebaseAuth */,
				3608EEBB29CEECCA007ED421 /* FirebaseFirestoreSwift */,
				3608EEBD29CEECCA007ED421 /* FirebaseStorage */,
			);
			productName = "The Flower App";
			productReference = 3608EE9C29CEDCEF007ED421 /* The Best Flower App.app */;
			productType = "com.apple.product-type.application";
		};
/* End PBXNativeTarget section */

/* Begin PBXProject section */
		3608EE9429CEDCEF007ED421 /* Project object */ = {
			isa = PBXProject;
			attributes = {
				BuildIndependentTargetsInParallel = 1;
				LastSwiftUpdateCheck = 1430;
				LastUpgradeCheck = 1430;
				TargetAttributes = {
					3608EE9B29CEDCEF007ED421 = {
						CreatedOnToolsVersion = 14.3;
					};
				};
			};
			buildConfigurationList = 3608EE9729CEDCEF007ED421 /* Build configuration list for PBXProject "The Flower App" */;
			compatibilityVersion = "Xcode 14.0";
			developmentRegion = en;
			hasScannedForEncodings = 0;
			knownRegions = (
				en,
				Base,
			);
			mainGroup = 3608EE9329CEDCEF007ED421;
			packageReferences = (
				3608EEB829CEECCA007ED421 /* XCRemoteSwiftPackageReference "firebase-ios-sdk" */,
			);
			productRefGroup = 3608EE9D29CEDCEF007ED421 /* Products */;
			projectDirPath = "";
			projectRoot = "";
			targets = (
				3608EE9B29CEDCEF007ED421 /* The Best Flower App */,
			);
		};
/* End PBXProject section */

/* Begin PBXResourcesBuildPhase section */
		3608EE9A29CEDCEF007ED421 /* Resources */ = {
			isa = PBXResourcesBuildPhase;
			buildActionMask = 2147483647;
			files = (
				3608EEA729CEDCF0007ED421 /* Preview Assets.xcassets in Resources */,
				360CFBA02A04130A0064FC20 /* changelog in Resources */,
				3608EEA429CEDCF0007ED421 /* Assets.xcassets in Resources */,
				3608EEB729CEEC10007ED421 /* GoogleService-Info.plist in Resources */,
			);
			runOnlyForDeploymentPostprocessing = 0;
		};
/* End PBXResourcesBuildPhase section */

/* Begin PBXSourcesBuildPhase section */
		3608EE9829CEDCEF007ED421 /* Sources */ = {
			isa = PBXSourcesBuildPhase;
			buildActionMask = 2147483647;
			files = (
				360CFB9E29F9C3F90064FC20 /* FlowerTimeline.swift in Sources */,
				3608EEB229CEDD41007ED421 /* User.swift in Sources */,
				3608EEA229CEDCEF007ED421 /* ContentView.swift in Sources */,
				3608EEA029CEDCEF007ED421 /* The_Flower_AppApp.swift in Sources */,
				3638D09529F03DE10010AC26 /* FlowersView.swift in Sources */,
				3638D09929F03EF10010AC26 /* FlowerModel.swift in Sources */,
				36B09F8929D74192006BAD74 /* CameraView.swift in Sources */,
				3638D09329EEEE1A0010AC26 /* MenuView.swift in Sources */,
				3608EEB529CEE30B007ED421 /* LoginLabel.swift in Sources */,
				3608EEB029CEDD35007ED421 /* Login Page.swift in Sources */,
				3638D09129EEDE8B0010AC26 /* ViewController.swift in Sources */,
				3638D09729F03DEA0010AC26 /* FlowerView.swift in Sources */,
				36B09F8C29D74775006BAD74 /* CameraModel.swift in Sources */,
			);
			runOnlyForDeploymentPostprocessing = 0;
		};
/* End PBXSourcesBuildPhase section */

/* Begin XCBuildConfiguration section */
		3608EEA829CEDCF0007ED421 /* Debug */ = {
			isa = XCBuildConfiguration;
			buildSettings = {
				ALWAYS_SEARCH_USER_PATHS = NO;
				CLANG_ANALYZER_NONNULL = YES;
				CLANG_ANALYZER_NUMBER_OBJECT_CONVERSION = YES_AGGRESSIVE;
				CLANG_CXX_LANGUAGE_STANDARD = "gnu++20";
				CLANG_ENABLE_MODULES = YES;
				CLANG_ENABLE_OBJC_ARC = YES;
				CLANG_ENABLE_OBJC_WEAK = YES;
				CLANG_WARN_BLOCK_CAPTURE_AUTORELEASING = YES;
				CLANG_WARN_BOOL_CONVERSION = YES;
				CLANG_WARN_COMMA = YES;
				CLANG_WARN_CONSTANT_CONVERSION = YES;
				CLANG_WARN_DEPRECATED_OBJC_IMPLEMENTATIONS = YES;
				CLANG_WARN_DIRECT_OBJC_ISA_USAGE = YES_ERROR;
				CLANG_WARN_DOCUMENTATION_COMMENTS = YES;
				CLANG_WARN_EMPTY_BODY = YES;
				CLANG_WARN_ENUM_CONVERSION = YES;
				CLANG_WARN_INFINITE_RECURSION = YES;
				CLANG_WARN_INT_CONVERSION = YES;
				CLANG_WARN_NON_LITERAL_NULL_CONVERSION = YES;
				CLANG_WARN_OBJC_IMPLICIT_RETAIN_SELF = YES;
				CLANG_WARN_OBJC_LITERAL_CONVERSION = YES;
				CLANG_WARN_OBJC_ROOT_CLASS = YES_ERROR;
				CLANG_WARN_QUOTED_INCLUDE_IN_FRAMEWORK_HEADER = YES;
				CLANG_WARN_RANGE_LOOP_ANALYSIS = YES;
				CLANG_WARN_STRICT_PROTOTYPES = YES;
				CLANG_WARN_SUSPICIOUS_MOVE = YES;
				CLANG_WARN_UNGUARDED_AVAILABILITY = YES_AGGRESSIVE;
				CLANG_WARN_UNREACHABLE_CODE = YES;
				CLANG_WARN__DUPLICATE_METHOD_MATCH = YES;
				COPY_PHASE_STRIP = NO;
				DEBUG_INFORMATION_FORMAT = dwarf;
				ENABLE_STRICT_OBJC_MSGSEND = YES;
				ENABLE_TESTABILITY = YES;
				GCC_C_LANGUAGE_STANDARD = gnu11;
				GCC_DYNAMIC_NO_PIC = NO;
				GCC_NO_COMMON_BLOCKS = YES;
				GCC_OPTIMIZATION_LEVEL = 0;
				GCC_PREPROCESSOR_DEFINITIONS = (
					"DEBUG=1",
					"$(inherited)",
				);
				GCC_WARN_64_TO_32_BIT_CONVERSION = YES;
				GCC_WARN_ABOUT_RETURN_TYPE = YES_ERROR;
				GCC_WARN_UNDECLARED_SELECTOR = YES;
				GCC_WARN_UNINITIALIZED_AUTOS = YES_AGGRESSIVE;
				GCC_WARN_UNUSED_FUNCTION = YES;
				GCC_WARN_UNUSED_VARIABLE = YES;
				IPHONEOS_DEPLOYMENT_TARGET = 16.4;
				MTL_ENABLE_DEBUG_INFO = INCLUDE_SOURCE;
				MTL_FAST_MATH = YES;
				ONLY_ACTIVE_ARCH = YES;
				SDKROOT = iphoneos;
				SWIFT_ACTIVE_COMPILATION_CONDITIONS = DEBUG;
				SWIFT_OPTIMIZATION_LEVEL = "-Onone";
			};
			name = Debug;
		};
		3608EEA929CEDCF0007ED421 /* Release */ = {
			isa = XCBuildConfiguration;
			buildSettings = {
				ALWAYS_SEARCH_USER_PATHS = NO;
				CLANG_ANALYZER_NONNULL = YES;
				CLANG_ANALYZER_NUMBER_OBJECT_CONVERSION = YES_AGGRESSIVE;
				CLANG_CXX_LANGUAGE_STANDARD = "gnu++20";
				CLANG_ENABLE_MODULES = YES;
				CLANG_ENABLE_OBJC_ARC = YES;
				CLANG_ENABLE_OBJC_WEAK = YES;
				CLANG_WARN_BLOCK_CAPTURE_AUTORELEASING = YES;
				CLANG_WARN_BOOL_CONVERSION = YES;
				CLANG_WARN_COMMA = YES;
				CLANG_WARN_CONSTANT_CONVERSION = YES;
				CLANG_WARN_DEPRECATED_OBJC_IMPLEMENTATIONS = YES;
				CLANG_WARN_DIRECT_OBJC_ISA_USAGE = YES_ERROR;
				CLANG_WARN_DOCUMENTATION_COMMENTS = YES;
				CLANG_WARN_EMPTY_BODY = YES;
				CLANG_WARN_ENUM_CONVERSION = YES;
				CLANG_WARN_INFINITE_RECURSION = YES;
				CLANG_WARN_INT_CONVERSION = YES;
				CLANG_WARN_NON_LITERAL_NULL_CONVERSION = YES;
				CLANG_WARN_OBJC_IMPLICIT_RETAIN_SELF = YES;
				CLANG_WARN_OBJC_LITERAL_CONVERSION = YES;
				CLANG_WARN_OBJC_ROOT_CLASS = YES_ERROR;
				CLANG_WARN_QUOTED_INCLUDE_IN_FRAMEWORK_HEADER = YES;
				CLANG_WARN_RANGE_LOOP_ANALYSIS = YES;
				CLANG_WARN_STRICT_PROTOTYPES = YES;
				CLANG_WARN_SUSPICIOUS_MOVE = YES;
				CLANG_WARN_UNGUARDED_AVAILABILITY = YES_AGGRESSIVE;
				CLANG_WARN_UNREACHABLE_CODE = YES;
				CLANG_WARN__DUPLICATE_METHOD_MATCH = YES;
				COPY_PHASE_STRIP = NO;
				DEBUG_INFORMATION_FORMAT = "dwarf-with-dsym";
				ENABLE_NS_ASSERTIONS = NO;
				ENABLE_STRICT_OBJC_MSGSEND = YES;
				GCC_C_LANGUAGE_STANDARD = gnu11;
				GCC_NO_COMMON_BLOCKS = YES;
				GCC_WARN_64_TO_32_BIT_CONVERSION = YES;
				GCC_WARN_ABOUT_RETURN_TYPE = YES_ERROR;
				GCC_WARN_UNDECLARED_SELECTOR = YES;
				GCC_WARN_UNINITIALIZED_AUTOS = YES_AGGRESSIVE;
				GCC_WARN_UNUSED_FUNCTION = YES;
				GCC_WARN_UNUSED_VARIABLE = YES;
				IPHONEOS_DEPLOYMENT_TARGET = 16.4;
				MTL_ENABLE_DEBUG_INFO = NO;
				MTL_FAST_MATH = YES;
				SDKROOT = iphoneos;
				SWIFT_COMPILATION_MODE = wholemodule;
				SWIFT_OPTIMIZATION_LEVEL = "-O";
				VALIDATE_PRODUCT = YES;
			};
			name = Release;
		};
		3608EEAB29CEDCF0007ED421 /* Debug */ = {
			isa = XCBuildConfiguration;
			buildSettings = {
				ASSETCATALOG_COMPILER_APPICON_NAME = AppIcon;
				ASSETCATALOG_COMPILER_GLOBAL_ACCENT_COLOR_NAME = AccentColor;
				CODE_SIGN_STYLE = Automatic;
				CURRENT_PROJECT_VERSION = 2;
				DEVELOPMENT_ASSET_PATHS = "\"The Flower App/Preview Content\"";
				DEVELOPMENT_TEAM = UT547V498F;
				ENABLE_PREVIEWS = YES;
				GENERATE_INFOPLIST_FILE = YES;
				INFOPLIST_FILE = "The-Best-Flower-App-Info.plist";
				INFOPLIST_KEY_NSCameraUsageDescription = "The Flower App access camera to let user take picture of users flowers";
				INFOPLIST_KEY_NSPhotoLibraryUsageDescription = "";
				INFOPLIST_KEY_UIApplicationSceneManifest_Generation = YES;
				INFOPLIST_KEY_UIApplicationSupportsIndirectInputEvents = YES;
				INFOPLIST_KEY_UILaunchScreen_Generation = YES;
				INFOPLIST_KEY_UISupportedInterfaceOrientations_iPad = "UIInterfaceOrientationPortrait UIInterfaceOrientationPortraitUpsideDown UIInterfaceOrientationLandscapeLeft UIInterfaceOrientationLandscapeRight";
				INFOPLIST_KEY_UISupportedInterfaceOrientations_iPhone = "UIInterfaceOrientationPortrait UIInterfaceOrientationLandscapeLeft UIInterfaceOrientationLandscapeRight";
				LD_RUNPATH_SEARCH_PATHS = (
					"$(inherited)",
					"@executable_path/Frameworks",
				);
				MARKETING_VERSION = 1.1;
				PRODUCT_BUNDLE_IDENTIFIER = "jacobhill.The-Flower-App";
				PRODUCT_NAME = "$(TARGET_NAME)";
				SWIFT_EMIT_LOC_STRINGS = YES;
				SWIFT_VERSION = 5.0;
				TARGETED_DEVICE_FAMILY = "1,2";
			};
			name = Debug;
		};
		3608EEAC29CEDCF0007ED421 /* Release */ = {
			isa = XCBuildConfiguration;
			buildSettings = {
				ASSETCATALOG_COMPILER_APPICON_NAME = AppIcon;
				ASSETCATALOG_COMPILER_GLOBAL_ACCENT_COLOR_NAME = AccentColor;
				CODE_SIGN_STYLE = Automatic;
				CURRENT_PROJECT_VERSION = 2;
				DEVELOPMENT_ASSET_PATHS = "\"The Flower App/Preview Content\"";
				DEVELOPMENT_TEAM = UT547V498F;
				ENABLE_PREVIEWS = YES;
				GENERATE_INFOPLIST_FILE = YES;
				INFOPLIST_FILE = "The-Best-Flower-App-Info.plist";
				INFOPLIST_KEY_NSCameraUsageDescription = "The Flower App access camera to let user take picture of users flowers";
				INFOPLIST_KEY_NSPhotoLibraryUsageDescription = "";
				INFOPLIST_KEY_UIApplicationSceneManifest_Generation = YES;
				INFOPLIST_KEY_UIApplicationSupportsIndirectInputEvents = YES;
				INFOPLIST_KEY_UILaunchScreen_Generation = YES;
				INFOPLIST_KEY_UISupportedInterfaceOrientations_iPad = "UIInterfaceOrientationPortrait UIInterfaceOrientationPortraitUpsideDown UIInterfaceOrientationLandscapeLeft UIInterfaceOrientationLandscapeRight";
				INFOPLIST_KEY_UISupportedInterfaceOrientations_iPhone = "UIInterfaceOrientationPortrait UIInterfaceOrientationLandscapeLeft UIInterfaceOrientationLandscapeRight";
				LD_RUNPATH_SEARCH_PATHS = (
					"$(inherited)",
					"@executable_path/Frameworks",
				);
				MARKETING_VERSION = 1.1;
				PRODUCT_BUNDLE_IDENTIFIER = "jacobhill.The-Flower-App";
				PRODUCT_NAME = "$(TARGET_NAME)";
				SWIFT_EMIT_LOC_STRINGS = YES;
				SWIFT_VERSION = 5.0;
				TARGETED_DEVICE_FAMILY = "1,2";
			};
			name = Release;
		};
/* End XCBuildConfiguration section */

/* Begin XCConfigurationList section */
		3608EE9729CEDCEF007ED421 /* Build configuration list for PBXProject "The Flower App" */ = {
			isa = XCConfigurationList;
			buildConfigurations = (
				3608EEA829CEDCF0007ED421 /* Debug */,
				3608EEA929CEDCF0007ED421 /* Release */,
			);
			defaultConfigurationIsVisible = 0;
			defaultConfigurationName = Release;
		};
		3608EEAA29CEDCF0007ED421 /* Build configuration list for PBXNativeTarget "The Best Flower App" */ = {
			isa = XCConfigurationList;
			buildConfigurations = (
				3608EEAB29CEDCF0007ED421 /* Debug */,
				3608EEAC29CEDCF0007ED421 /* Release */,
			);
			defaultConfigurationIsVisible = 0;
			defaultConfigurationName = Release;
		};
/* End XCConfigurationList section */

/* Begin XCRemoteSwiftPackageReference section */
		3608EEB829CEECCA007ED421 /* XCRemoteSwiftPackageReference "firebase-ios-sdk" */ = {
			isa = XCRemoteSwiftPackageReference;
			repositoryURL = "https://github.com/firebase/firebase-ios-sdk";
			requirement = {
				kind = upToNextMajorVersion;
				minimumVersion = 10.0.0;
			};
		};
/* End XCRemoteSwiftPackageReference section */

/* Begin XCSwiftPackageProductDependency section */
		3608EEB929CEECCA007ED421 /* FirebaseAuth */ = {
			isa = XCSwiftPackageProductDependency;
			package = 3608EEB829CEECCA007ED421 /* XCRemoteSwiftPackageReference "firebase-ios-sdk" */;
			productName = FirebaseAuth;
		};
		3608EEBB29CEECCA007ED421 /* FirebaseFirestoreSwift */ = {
			isa = XCSwiftPackageProductDependency;
			package = 3608EEB829CEECCA007ED421 /* XCRemoteSwiftPackageReference "firebase-ios-sdk" */;
			productName = FirebaseFirestoreSwift;
		};
		3608EEBD29CEECCA007ED421 /* FirebaseStorage */ = {
			isa = XCSwiftPackageProductDependency;
			package = 3608EEB829CEECCA007ED421 /* XCRemoteSwiftPackageReference "firebase-ios-sdk" */;
			productName = FirebaseStorage;
		};
/* End XCSwiftPackageProductDependency section */
	};
	rootObject = 3608EE9429CEDCEF007ED421 /* Project object */;
}
